
Microsoft Visual Studio Solution File, Format Version 12.00
# Visual Studio Version 17
VisualStudioVersion = 17.11.35312.102
MinimumVisualStudioVersion = 10.0.40219.1
Project("{FAE04EC0-301F-11D3-BF4B-00C04F79EFBC}") = "Proyecto", "Proyecto\Proyecto.csproj", "{20397F50-FD31-4339-A061-2ABDED4ABCB1}"
EndProject
Global
	GlobalSection(SolutionConfigurationPlatforms) = preSolution
		Debug|Any CPU = Debug|Any CPU
		Release|Any CPU = Release|Any CPU
	EndGlobalSection
	GlobalSection(ProjectConfigurationPlatforms) = postSolution
		{20397F50-FD31-4339-A061-2ABDED4ABCB1}.Debug|Any CPU.ActiveCfg = Debug|Any CPU
		{20397F50-FD31-4339-A061-2ABDED4ABCB1}.Debug|Any CPU.Build.0 = Debug|Any CPU
		{20397F50-FD31-4339-A061-2ABDED4ABCB1}.Release|Any CPU.ActiveCfg = Release|Any CPU
		{20397F50-FD31-4339-A061-2ABDED4ABCB1}.Release|Any CPU.Build.0 = Release|Any CPU
	EndGlobalSection
	GlobalSection(SolutionProperties) = preSolution
		HideSolutionNode = FALSE
	EndGlobalSection
	GlobalSection(ExtensibilityGlobals) = postSolution
		SolutionGuid = {BC0BFC27-60E6-4428-B794-6C7A7A0383CF}
	EndGlobalSection
EndGlobal
